github.com/aws/aws-lambda-go v1.38.0 h1:4CUdxGzvuQp0o8Zh7KtupB9XvCiiY8yKqJtzco+gsDw=
github.com/aws/aws-lambda-go v1.38.0/go.mod h1:jwFe2KmMsHmffA1X2R09hH6lFzJQxzI8qK17ewzbQMM=
github.com/davecgh/go-spew v1.1.1 h1:vj9j/u1bqnvCEfJOwUhtlOARqs3+rkHYY13jYWTU97c=
github.com/h2non/bimg v1.1.9 h1:WH20Nxko9l/HFm4kZCA3Phbgu2cbHvYzxwxn9YROEGg=
github.com/h2non/bimg v1.1.9/go.mod h1:R3+UiYwkK4rQl6KVFTOFJHitgLbZXBZNFh2cv3AEbp8=
github.com/k0kubun/colorstring v0.0.0-20150214042306-9440f1994b88 h1:uC1QfSlInpQF+M0ao65imhwqKnz3Q2z/d8PWZRMQvDM=
github.com/k0kubun/colorstring v0.0.0-20150214042306-9440f1994b88/go.mod h1:3w7q1U84EfirKl04SVQ/s7nPm1ZPhiXd34z40TNz36k=
github.com/mattn/go-colorable v0.1.13 h1:fFA4WZxdEF4tXPZVKMLwD8oUnCTTo08duU7wxecdEvA=
github.com/mattn/go-colorable v0.1.13/go.mod h1:7S9/ev0klgBDR4GtXTXX8a3vIGJpMovkB8vQcUbaXHg=
github.com/mattn/go-isatty v0.0.16 h1:bq3VjFmv/sOjHtdEhmkEV4x1AJtvUvOJ2PFAZ5+peKQ=
github.com/mattn/go-isatty v0.0.16/go.mod h1:kYGgaQfpe5nmfYZH+SKPsOc2e4SrIfOl2e/yFXSvRLM=
github.com/morelj/httptools v0.3.0 h1:j5GaMW8vLsIEUW3k59eCfnAhqQiD68S1zCH8bCy+xrk=
github.com/morelj/httptools v0.3.0/go.mod h1:jfOq9oGy+7HcRHagXgIoJr2D9iZ/856FfYi9Yf/CJXs=
github.com/morelj/lambada v0.2.0 h1:zGwqaoZUWI1PDFgX4HTlTOu+/n3FESBppOJCxpPJzAY=
github.com/morelj/lambada v0.2.0/go.mod h1:01yDBkbhO7csaC3YPYWccDzesBFsF1e0N/f6YpdfC4I=
github.com/pmezard/go-difflib v1.0.0 h1:4DBwDE0NGyQoBHbLQYPwSUPoCMWR5BEzIk/f1lZbAQM=
github.com/stretchr/testify v1.8.2 h1:+h33VjcLVPDHtOdpUCuF+7gSuG3yGIftsP1YvFihtJ8=
github.com/yudai/pp v2.0.1+incompatible h1:Q4//iY4pNF6yPLZIigmvcl7k/bPgrcTPIFIcmawg5bI=
github.com/yudai/pp v2.0.1+incompatible/go.mod h1:PuxR/8QJ7cyCkFp/aUDS+JY727OFEZkTdatxwunjIkc=
golang.org/x/sys v0.0.0-20220811171246-fbc7d0a398ab h1:2QkjZIsXupsJbJIdSjjUOgWK3aEtzyuh2mPt3l/CkeU=
golang.org/x/sys v0.0.0-20220811171246-fbc7d0a398ab/go.mod h1:oPkhp1MJrh7nUepCBck5+mAzfO9JrbApNNgaTdGDITg=
gopkg.in/yaml.v3 v3.0.1 h1:fxVm/GzAzEWqLHuvctI91KS9hhNmmWOoWu0XTYJS7CA=
